{
  "version": 4,
  "terraform_version": "1.4.6",
  "serial": 11,
  "lineage": "f677bb84-709c-dab5-e91f-92a1a652ca10",
  "outputs": {},
  "resources": [
    {
      "mode": "managed",
      "type": "digitalocean_droplet",
      "name": "vm-labs",
      "provider": "provider[\"registry.terraform.io/digitalocean/digitalocean\"]",
      "instances": [
        {
          "index_key": 0,
          "schema_version": 1,
          "attributes": {
            "backups": false,
            "created_at": "2023-05-18T16:48:13Z",
            "disk": 25,
            "droplet_agent": null,
            "graceful_shutdown": false,
            "id": "356013877",
            "image": "ubuntu-22-04-x64",
            "ipv4_address": "159.223.175.157",
            "ipv4_address_private": "10.116.0.2",
            "ipv6": false,
            "ipv6_address": "",
            "locked": false,
            "memory": 1024,
            "monitoring": false,
            "name": "vm-labs-0",
            "price_hourly": 0.00893,
            "price_monthly": 6,
            "private_networking": true,
            "region": "nyc1",
            "resize_disk": true,
            "size": "s-1vcpu-1gb",
            "ssh_keys": [
              "8d:51:0c:e2:8b:73:33:25:36:70:08:9c:b6:db:21:40"
            ],
            "status": "active",
            "tags": [],
            "timeouts": null,
            "urn": "do:droplet:356013877",
            "user_data": null,
            "vcpus": 1,
            "volume_ids": [],
            "vpc_uuid": "2fe898c6-6cf2-4018-a699-daa4f591c052"
          },
          "sensitive_attributes": [],
          "private": "eyJlMmJmYjczMC1lY2FhLTExZTYtOGY4OC0zNDM2M2JjN2M0YzAiOnsiY3JlYXRlIjozNjAwMDAwMDAwMDAwLCJkZWxldGUiOjYwMDAwMDAwMDAwLCJ1cGRhdGUiOjM2MDAwMDAwMDAwMDB9LCJzY2hlbWFfdmVyc2lvbiI6IjEifQ==",
          "dependencies": [
            "digitalocean_ssh_key.ssh"
          ]
        },
        {
          "index_key": 1,
          "schema_version": 1,
          "attributes": {
            "backups": false,
            "created_at": "2023-05-18T16:54:26Z",
            "disk": 25,
            "droplet_agent": null,
            "graceful_shutdown": false,
            "id": "356014757",
            "image": "ubuntu-22-04-x64",
            "ipv4_address": "157.230.11.56",
            "ipv4_address_private": "10.116.0.3",
            "ipv6": false,
            "ipv6_address": "",
            "locked": false,
            "memory": 1024,
            "monitoring": false,
            "name": "vm-labs-1",
            "price_hourly": 0.00893,
            "price_monthly": 6,
            "private_networking": true,
            "region": "nyc1",
            "resize_disk": true,
            "size": "s-1vcpu-1gb",
            "ssh_keys": [
              "8d:51:0c:e2:8b:73:33:25:36:70:08:9c:b6:db:21:40"
            ],
            "status": "active",
            "tags": null,
            "timeouts": null,
            "urn": "do:droplet:356014757",
            "user_data": null,
            "vcpus": 1,
            "volume_ids": [],
            "vpc_uuid": "2fe898c6-6cf2-4018-a699-daa4f591c052"
          },
          "sensitive_attributes": [],
          "private": "eyJlMmJmYjczMC1lY2FhLTExZTYtOGY4OC0zNDM2M2JjN2M0YzAiOnsiY3JlYXRlIjozNjAwMDAwMDAwMDAwLCJkZWxldGUiOjYwMDAwMDAwMDAwLCJ1cGRhdGUiOjM2MDAwMDAwMDAwMDB9LCJzY2hlbWFfdmVyc2lvbiI6IjEifQ==",
          "dependencies": [
            "digitalocean_ssh_key.ssh"
          ]
        },
        {
          "index_key": 3,
          "schema_version": 1,
          "attributes": {
            "backups": false,
            "created_at": "2023-05-18T16:54:26Z",
            "disk": 25,
            "droplet_agent": null,
            "graceful_shutdown": false,
            "id": "356014756",
            "image": "ubuntu-22-04-x64",
            "ipv4_address": "157.230.11.203",
            "ipv4_address_private": "10.116.0.4",
            "ipv6": false,
            "ipv6_address": "",
            "locked": false,
            "memory": 1024,
            "monitoring": false,
            "name": "vm-labs-3",
            "price_hourly": 0.00893,
            "price_monthly": 6,
            "private_networking": true,
            "region": "nyc1",
            "resize_disk": true,
            "size": "s-1vcpu-1gb",
            "ssh_keys": [
              "8d:51:0c:e2:8b:73:33:25:36:70:08:9c:b6:db:21:40"
            ],
            "status": "active",
            "tags": null,
            "timeouts": null,
            "urn": "do:droplet:356014756",
            "user_data": null,
            "vcpus": 1,
            "volume_ids": [],
            "vpc_uuid": "2fe898c6-6cf2-4018-a699-daa4f591c052"
          },
          "sensitive_attributes": [],
          "private": "eyJlMmJmYjczMC1lY2FhLTExZTYtOGY4OC0zNDM2M2JjN2M0YzAiOnsiY3JlYXRlIjozNjAwMDAwMDAwMDAwLCJkZWxldGUiOjYwMDAwMDAwMDAwLCJ1cGRhdGUiOjM2MDAwMDAwMDAwMDB9LCJzY2hlbWFfdmVyc2lvbiI6IjEifQ==",
          "dependencies": [
            "digitalocean_ssh_key.ssh"
          ]
        }
      ]
    },
    {
      "mode": "managed",
      "type": "digitalocean_ssh_key",
      "name": "ssh",
      "provider": "provider[\"registry.terraform.io/digitalocean/digitalocean\"]",
      "instances": [
        {
          "schema_version": 0,
          "attributes": {
            "fingerprint": "8d:51:0c:e2:8b:73:33:25:36:70:08:9c:b6:db:21:40",
            "id": "38343017",
            "name": "aula-terraform",
            "public_key": "ssh-rsa AAAAB3NzaC1yc2EAAAADAQABAAABAQDJeh8cLBtX//z6TfsJIqusjQku+qTG0toKBjIWq04/Y36An7Y1cWyMEkhEyycHWUe2KIgsKivUkPP6AjGu8/NeQDKOyCAGNfT0YbAhmJKWQSXMa1Dk7gik3as6FtksbkWvPim8DY3ODyX3m3+idoHrlWNyPdk5z3bW7/+OokbUIACkLE9QuJMrhCDMNQP3Hzax333+R4CVGibUzeNHEfnBKCfKTCYgdCkWDn10VEIyTHjirRKGF9n9CFciBe9EqcCQJJSYzRjVF9PEJHDotwm1+uro/LJqrWWBw1F3UZJTbEaLUi0WYnz7RGwHanb8XPfqa4fJLlu719wK0SzrqqCn tscampos@AB018557\n"
          },
          "sensitive_attributes": [],
          "private": "bnVsbA=="
        }
      ]
    }
  ],
  "check_results": null
}
